// !$*UTF8*$!
{
	archiveVersion = 1;
	classes = {
	};
	objectVersion = 46;
	objects = {

/* Begin PBXBuildFile section */
		422ED0711DE43A8E00028E86 /* AuthProvider.swift in Sources */ = {isa = PBXBuildFile; fileRef = 422ED0701DE43A8E00028E86 /* AuthProvider.swift */; };
		422ED0761DE482E800028E86 /* Assets.xcassets in Resources */ = {isa = PBXBuildFile; fileRef = 422ED0751DE482E800028E86 /* Assets.xcassets */; };
		423D867D1DE3FA8B00DDEBC0 /* AppDelegate.swift in Sources */ = {isa = PBXBuildFile; fileRef = 423D867C1DE3FA8B00DDEBC0 /* AppDelegate.swift */; };
		423D867F1DE3FA8B00DDEBC0 /* ViewController.swift in Sources */ = {isa = PBXBuildFile; fileRef = 423D867E1DE3FA8B00DDEBC0 /* ViewController.swift */; };
		423D86821DE3FA8B00DDEBC0 /* Main.storyboard in Resources */ = {isa = PBXBuildFile; fileRef = 423D86801DE3FA8B00DDEBC0 /* Main.storyboard */; };
		423D86871DE3FA8B00DDEBC0 /* LaunchScreen.storyboard in Resources */ = {isa = PBXBuildFile; fileRef = 423D86851DE3FA8B00DDEBC0 /* LaunchScreen.storyboard */; };
		423D86921DE3FA8B00DDEBC0 /* Rangout_for_VendorTests.swift in Sources */ = {isa = PBXBuildFile; fileRef = 423D86911DE3FA8B00DDEBC0 /* Rangout_for_VendorTests.swift */; };
		423D869D1DE3FA8B00DDEBC0 /* Rangout_for_VendorUITests.swift in Sources */ = {isa = PBXBuildFile; fileRef = 423D869C1DE3FA8B00DDEBC0 /* Rangout_for_VendorUITests.swift */; };
		423D86B51DE406ED00DDEBC0 /* SignInVC.swift in Sources */ = {isa = PBXBuildFile; fileRef = 423D86B41DE406ED00DDEBC0 /* SignInVC.swift */; };
		423D86BA1DE42FDA00DDEBC0 /* GoogleService-Info.plist in Resources */ = {isa = PBXBuildFile; fileRef = 423D86B91DE42FDA00DDEBC0 /* GoogleService-Info.plist */; };
		427F7BC73B206D8BF3EF6DF9 /* Pods_Rangout_for_Vendor.framework in Frameworks */ = {isa = PBXBuildFile; fileRef = D4764BF6D08F3C26C92D5B45 /* Pods_Rangout_for_Vendor.framework */; };
		A696416F93BED0D102707D3D /* Pods_Rangout_for_VendorUITests.framework in Frameworks */ = {isa = PBXBuildFile; fileRef = DD6F5B583EF6A26688C28008 /* Pods_Rangout_for_VendorUITests.framework */; };
		C90589E20D32CF50F2C26B82 /* Pods_Rangout_for_VendorTests.framework in Frameworks */ = {isa = PBXBuildFile; fileRef = 0DC51CAA016790CA965E399E /* Pods_Rangout_for_VendorTests.framework */; };
/* End PBXBuildFile section */

/* Begin PBXContainerItemProxy section */
		423D868E1DE3FA8B00DDEBC0 /* PBXContainerItemProxy */ = {
			isa = PBXContainerItemProxy;
			containerPortal = 423D86711DE3FA8A00DDEBC0 /* Project object */;
			proxyType = 1;
			remoteGlobalIDString = 423D86781DE3FA8B00DDEBC0;
			remoteInfo = "Rangout for Vendor";
		};
		423D86991DE3FA8B00DDEBC0 /* PBXContainerItemProxy */ = {
			isa = PBXContainerItemProxy;
			containerPortal = 423D86711DE3FA8A00DDEBC0 /* Project object */;
			proxyType = 1;
			remoteGlobalIDString = 423D86781DE3FA8B00DDEBC0;
			remoteInfo = "Rangout for Vendor";
		};
/* End PBXContainerItemProxy section */

/* Begin PBXFileReference section */
		0DC51CAA016790CA965E399E /* Pods_Rangout_for_VendorTests.framework */ = {isa = PBXFileReference; explicitFileType = wrapper.framework; includeInIndex = 0; path = Pods_Rangout_for_VendorTests.framework; sourceTree = BUILT_PRODUCTS_DIR; };
		1649A602CC46084F9002FBF8 /* Pods-Rangout for VendorUITests.release.xcconfig */ = {isa = PBXFileReference; includeInIndex = 1; lastKnownFileType = text.xcconfig; name = "Pods-Rangout for VendorUITests.release.xcconfig"; path = "Pods/Target Support Files/Pods-Rangout for VendorUITests/Pods-Rangout for VendorUITests.release.xcconfig"; sourceTree = "<group>"; };
		422ED0701DE43A8E00028E86 /* AuthProvider.swift */ = {isa = PBXFileReference; fileEncoding = 4; lastKnownFileType = sourcecode.swift; path = AuthProvider.swift; sourceTree = "<group>"; };
		422ED0751DE482E800028E86 /* Assets.xcassets */ = {isa = PBXFileReference; lastKnownFileType = folder.assetcatalog; path = Assets.xcassets; sourceTree = "<group>"; };
		423D86791DE3FA8B00DDEBC0 /* Rangout for Vendor.app */ = {isa = PBXFileReference; explicitFileType = wrapper.application; includeInIndex = 0; path = "Rangout for Vendor.app"; sourceTree = BUILT_PRODUCTS_DIR; };
		423D867C1DE3FA8B00DDEBC0 /* AppDelegate.swift */ = {isa = PBXFileReference; lastKnownFileType = sourcecode.swift; path = AppDelegate.swift; sourceTree = "<group>"; };
		423D867E1DE3FA8B00DDEBC0 /* ViewController.swift */ = {isa = PBXFileReference; lastKnownFileType = sourcecode.swift; path = ViewController.swift; sourceTree = "<group>"; };
		423D86811DE3FA8B00DDEBC0 /* Base */ = {isa = PBXFileReference; lastKnownFileType = file.storyboard; name = Base; path = Base.lproj/Main.storyboard; sourceTree = "<group>"; };
		423D86861DE3FA8B00DDEBC0 /* Base */ = {isa = PBXFileReference; lastKnownFileType = file.storyboard; name = Base; path = Base.lproj/LaunchScreen.storyboard; sourceTree = "<group>"; };
		423D86881DE3FA8B00DDEBC0 /* Info.plist */ = {isa = PBXFileReference; lastKnownFileType = text.plist.xml; path = Info.plist; sourceTree = "<group>"; };
		423D868D1DE3FA8B00DDEBC0 /* Rangout for VendorTests.xctest */ = {isa = PBXFileReference; explicitFileType = wrapper.cfbundle; includeInIndex = 0; path = "Rangout for VendorTests.xctest"; sourceTree = BUILT_PRODUCTS_DIR; };
		423D86911DE3FA8B00DDEBC0 /* Rangout_for_VendorTests.swift */ = {isa = PBXFileReference; lastKnownFileType = sourcecode.swift; path = Rangout_for_VendorTests.swift; sourceTree = "<group>"; };
		423D86931DE3FA8B00DDEBC0 /* Info.plist */ = {isa = PBXFileReference; lastKnownFileType = text.plist.xml; path = Info.plist; sourceTree = "<group>"; };
		423D86981DE3FA8B00DDEBC0 /* Rangout for VendorUITests.xctest */ = {isa = PBXFileReference; explicitFileType = wrapper.cfbundle; includeInIndex = 0; path = "Rangout for VendorUITests.xctest"; sourceTree = BUILT_PRODUCTS_DIR; };
		423D869C1DE3FA8B00DDEBC0 /* Rangout_for_VendorUITests.swift */ = {isa = PBXFileReference; lastKnownFileType = sourcecode.swift; path = Rangout_for_VendorUITests.swift; sourceTree = "<group>"; };
		423D869E1DE3FA8B00DDEBC0 /* Info.plist */ = {isa = PBXFileReference; lastKnownFileType = text.plist.xml; path = Info.plist; sourceTree = "<group>"; };
		423D86B41DE406ED00DDEBC0 /* SignInVC.swift */ = {isa = PBXFileReference; fileEncoding = 4; lastKnownFileType = sourcecode.swift; path = SignInVC.swift; sourceTree = "<group>"; };
		423D86B91DE42FDA00DDEBC0 /* GoogleService-Info.plist */ = {isa = PBXFileReference; fileEncoding = 4; lastKnownFileType = text.plist.xml; name = "GoogleService-Info.plist"; path = "../../../../../Desktop/GoogleService-Info.plist"; sourceTree = "<group>"; };
		987FDFEFD5BC0AB5354B1238 /* Pods-Rangout for VendorTests.release.xcconfig */ = {isa = PBXFileReference; includeInIndex = 1; lastKnownFileType = text.xcconfig; name = "Pods-Rangout for VendorTests.release.xcconfig"; path = "Pods/Target Support Files/Pods-Rangout for VendorTests/Pods-Rangout for VendorTests.release.xcconfig"; sourceTree = "<group>"; };
		9A5C10739FB39389DC52386F /* Pods-Rangout for VendorUITests.debug.xcconfig */ = {isa = PBXFileReference; includeInIndex = 1; lastKnownFileType = text.xcconfig; name = "Pods-Rangout for VendorUITests.debug.xcconfig"; path = "Pods/Target Support Files/Pods-Rangout for VendorUITests/Pods-Rangout for VendorUITests.debug.xcconfig"; sourceTree = "<group>"; };
		BA75A213B5354B9577EAC47A /* Pods-Rangout for Vendor.release.xcconfig */ = {isa = PBXFileReference; includeInIndex = 1; lastKnownFileType = text.xcconfig; name = "Pods-Rangout for Vendor.release.xcconfig"; path = "Pods/Target Support Files/Pods-Rangout for Vendor/Pods-Rangout for Vendor.release.xcconfig"; sourceTree = "<group>"; };
		C851ED450A12BC0811A1F086 /* Pods-Rangout for Vendor.debug.xcconfig */ = {isa = PBXFileReference; includeInIndex = 1; lastKnownFileType = text.xcconfig; name = "Pods-Rangout for Vendor.debug.xcconfig"; path = "Pods/Target Support Files/Pods-Rangout for Vendor/Pods-Rangout for Vendor.debug.xcconfig"; sourceTree = "<group>"; };
		D4764BF6D08F3C26C92D5B45 /* Pods_Rangout_for_Vendor.framework */ = {isa = PBXFileReference; explicitFileType = wrapper.framework; includeInIndex = 0; path = Pods_Rangout_for_Vendor.framework; sourceTree = BUILT_PRODUCTS_DIR; };
		DD6F5B583EF6A26688C28008 /* Pods_Rangout_for_VendorUITests.framework */ = {isa = PBXFileReference; explicitFileType = wrapper.framework; includeInIndex = 0; path = Pods_Rangout_for_VendorUITests.framework; sourceTree = BUILT_PRODUCTS_DIR; };
		E5256D6FE961D04FB4F947A9 /* Pods-Rangout for VendorTests.debug.xcconfig */ = {isa = PBXFileReference; includeInIndex = 1; lastKnownFileType = text.xcconfig; name = "Pods-Rangout for VendorTests.debug.xcconfig"; path = "Pods/Target Support Files/Pods-Rangout for VendorTests/Pods-Rangout for VendorTests.debug.xcconfig"; sourceTree = "<group>"; };
/* End PBXFileReference section */

/* Begin PBXFrameworksBuildPhase section */
		423D86761DE3FA8B00DDEBC0 /* Frameworks */ = {
			isa = PBXFrameworksBuildPhase;
			buildActionMask = 2147483647;
			files = (
				427F7BC73B206D8BF3EF6DF9 /* Pods_Rangout_for_Vendor.framework in Frameworks */,
			);
			runOnlyForDeploymentPostprocessing = 0;
		};
		423D868A1DE3FA8B00DDEBC0 /* Frameworks */ = {
			isa = PBXFrameworksBuildPhase;
			buildActionMask = 2147483647;
			files = (
				C90589E20D32CF50F2C26B82 /* Pods_Rangout_for_VendorTests.framework in Frameworks */,
			);
			runOnlyForDeploymentPostprocessing = 0;
		};
		423D86951DE3FA8B00DDEBC0 /* Frameworks */ = {
			isa = PBXFrameworksBuildPhase;
			buildActionMask = 2147483647;
			files = (
				A696416F93BED0D102707D3D /* Pods_Rangout_for_VendorUITests.framework in Frameworks */,
			);
			runOnlyForDeploymentPostprocessing = 0;
		};
/* End PBXFrameworksBuildPhase section */

/* Begin PBXGroup section */
		1A00BE86597C22FF3668DDDA /* Pods */ = {
			isa = PBXGroup;
			children = (
				C851ED450A12BC0811A1F086 /* Pods-Rangout for Vendor.debug.xcconfig */,
				BA75A213B5354B9577EAC47A /* Pods-Rangout for Vendor.release.xcconfig */,
				E5256D6FE961D04FB4F947A9 /* Pods-Rangout for VendorTests.debug.xcconfig */,
				987FDFEFD5BC0AB5354B1238 /* Pods-Rangout for VendorTests.release.xcconfig */,
				9A5C10739FB39389DC52386F /* Pods-Rangout for VendorUITests.debug.xcconfig */,
				1649A602CC46084F9002FBF8 /* Pods-Rangout for VendorUITests.release.xcconfig */,
			);
			name = Pods;
			sourceTree = "<group>";
		};
		422ED06F1DE43A6F00028E86 /* Plugins */ = {
			isa = PBXGroup;
			children = (
				422ED0701DE43A8E00028E86 /* AuthProvider.swift */,
			);
			name = Plugins;
			sourceTree = "<group>";
		};
		423D86701DE3FA8A00DDEBC0 = {
			isa = PBXGroup;
			children = (
				423D867B1DE3FA8B00DDEBC0 /* Rangout for Vendor */,
				423D86901DE3FA8B00DDEBC0 /* Rangout for VendorTests */,
				423D869B1DE3FA8B00DDEBC0 /* Rangout for VendorUITests */,
				423D867A1DE3FA8B00DDEBC0 /* Products */,
				1A00BE86597C22FF3668DDDA /* Pods */,
				BEFE45ABEB40AF69298A9FAB /* Frameworks */,
			);
			sourceTree = "<group>";
		};
		423D867A1DE3FA8B00DDEBC0 /* Products */ = {
			isa = PBXGroup;
			children = (
				423D86791DE3FA8B00DDEBC0 /* Rangout for Vendor.app */,
				423D868D1DE3FA8B00DDEBC0 /* Rangout for VendorTests.xctest */,
				423D86981DE3FA8B00DDEBC0 /* Rangout for VendorUITests.xctest */,
			);
			name = Products;
			sourceTree = "<group>";
		};
		423D867B1DE3FA8B00DDEBC0 /* Rangout for Vendor */ = {
			isa = PBXGroup;
			children = (
				422ED06F1DE43A6F00028E86 /* Plugins */,
				423D86B31DE406CD00DDEBC0 /* Controller */,
				423D86B21DE406C700DDEBC0 /* View */,
				423D86B11DE406BD00DDEBC0 /* Model */,
				423D867C1DE3FA8B00DDEBC0 /* AppDelegate.swift */,
				423D867E1DE3FA8B00DDEBC0 /* ViewController.swift */,
				422ED0751DE482E800028E86 /* Assets.xcassets */,
				423D86801DE3FA8B00DDEBC0 /* Main.storyboard */,
				423D86851DE3FA8B00DDEBC0 /* LaunchScreen.storyboard */,
				423D86881DE3FA8B00DDEBC0 /* Info.plist */,
				423D86B91DE42FDA00DDEBC0 /* GoogleService-Info.plist */,
			);
			path = "Rangout for Vendor";
			sourceTree = "<group>";
		};
		423D86901DE3FA8B00DDEBC0 /* Rangout for VendorTests */ = {
			isa = PBXGroup;
			children = (
				423D86911DE3FA8B00DDEBC0 /* Rangout_for_VendorTests.swift */,
				423D86931DE3FA8B00DDEBC0 /* Info.plist */,
			);
			path = "Rangout for VendorTests";
			sourceTree = "<group>";
		};
		423D869B1DE3FA8B00DDEBC0 /* Rangout for VendorUITests */ = {
			isa = PBXGroup;
			children = (
				423D869C1DE3FA8B00DDEBC0 /* Rangout_for_VendorUITests.swift */,
				423D869E1DE3FA8B00DDEBC0 /* Info.plist */,
			);
			path = "Rangout for VendorUITests";
			sourceTree = "<group>";
		};
		423D86B11DE406BD00DDEBC0 /* Model */ = {
			isa = PBXGroup;
			children = (
			);
			name = Model;
			sourceTree = "<group>";
		};
		423D86B21DE406C700DDEBC0 /* View */ = {
			isa = PBXGroup;
			children = (
			);
			name = View;
			sourceTree = "<group>";
		};
		423D86B31DE406CD00DDEBC0 /* Controller */ = {
			isa = PBXGroup;
			children = (
				423D86B41DE406ED00DDEBC0 /* SignInVC.swift */,
			);
			name = Controller;
			sourceTree = "<group>";
		};
		BEFE45ABEB40AF69298A9FAB /* Frameworks */ = {
			isa = PBXGroup;
			children = (
				D4764BF6D08F3C26C92D5B45 /* Pods_Rangout_for_Vendor.framework */,
				0DC51CAA016790CA965E399E /* Pods_Rangout_for_VendorTests.framework */,
				DD6F5B583EF6A26688C28008 /* Pods_Rangout_for_VendorUITests.framework */,
			);
			name = Frameworks;
			sourceTree = "<group>";
		};
/* End PBXGroup section */

/* Begin PBXNativeTarget section */
		423D86781DE3FA8B00DDEBC0 /* Rangout for Vendor */ = {
			isa = PBXNativeTarget;
			buildConfigurationList = 423D86A11DE3FA8B00DDEBC0 /* Build configuration list for PBXNativeTarget "Rangout for Vendor" */;
			buildPhases = (
				A93435CE43017EEDCDD4939A /* [CP] Check Pods Manifest.lock */,
				423D86751DE3FA8B00DDEBC0 /* Sources */,
				423D86761DE3FA8B00DDEBC0 /* Frameworks */,
				423D86771DE3FA8B00DDEBC0 /* Resources */,
				CF3B8DB0C43BC42CEE4F88C8 /* [CP] Embed Pods Frameworks */,
				D6A5AFB3B1C9200562C4A97E /* [CP] Copy Pods Resources */,
			);
			buildRules = (
			);
			dependencies = (
			);
			name = "Rangout for Vendor";
			productName = "Rangout for Vendor";
			productReference = 423D86791DE3FA8B00DDEBC0 /* Rangout for Vendor.app */;
			productType = "com.apple.product-type.application";
		};
		423D868C1DE3FA8B00DDEBC0 /* Rangout for VendorTests */ = {
			isa = PBXNativeTarget;
			buildConfigurationList = 423D86A41DE3FA8B00DDEBC0 /* Build configuration list for PBXNativeTarget "Rangout for VendorTests" */;
			buildPhases = (
				7927EB8D42E0476F329D8A95 /* [CP] Check Pods Manifest.lock */,
				423D86891DE3FA8B00DDEBC0 /* Sources */,
				423D868A1DE3FA8B00DDEBC0 /* Frameworks */,
				423D868B1DE3FA8B00DDEBC0 /* Resources */,
				DC734C0C36452FE7E75AB0BF /* [CP] Embed Pods Frameworks */,
				59D6B07B7020C0045816CD8D /* [CP] Copy Pods Resources */,
			);
			buildRules = (
			);
			dependencies = (
				423D868F1DE3FA8B00DDEBC0 /* PBXTargetDependency */,
			);
			name = "Rangout for VendorTests";
			productName = "Rangout for VendorTests";
			productReference = 423D868D1DE3FA8B00DDEBC0 /* Rangout for VendorTests.xctest */;
			productType = "com.apple.product-type.bundle.unit-test";
		};
		423D86971DE3FA8B00DDEBC0 /* Rangout for VendorUITests */ = {
			isa = PBXNativeTarget;
			buildConfigurationList = 423D86A71DE3FA8B00DDEBC0 /* Build configuration list for PBXNativeTarget "Rangout for VendorUITests" */;
			buildPhases = (
				3BF76315E452BB9CF3A55C8C /* [CP] Check Pods Manifest.lock */,
				423D86941DE3FA8B00DDEBC0 /* Sources */,
				423D86951DE3FA8B00DDEBC0 /* Frameworks */,
				423D86961DE3FA8B00DDEBC0 /* Resources */,
				B392F5261F8D8436EA7E6532 /* [CP] Embed Pods Frameworks */,
				3CF0921D299A0BDE50CFE6CE /* [CP] Copy Pods Resources */,
			);
			buildRules = (
			);
			dependencies = (
				423D869A1DE3FA8B00DDEBC0 /* PBXTargetDependency */,
			);
			name = "Rangout for VendorUITests";
			productName = "Rangout for VendorUITests";
			productReference = 423D86981DE3FA8B00DDEBC0 /* Rangout for VendorUITests.xctest */;
			productType = "com.apple.product-type.bundle.ui-testing";
		};
/* End PBXNativeTarget section */

/* Begin PBXProject section */
		423D86711DE3FA8A00DDEBC0 /* Project object */ = {
			isa = PBXProject;
			attributes = {
				LastSwiftUpdateCheck = 0810;
				LastUpgradeCheck = 0810;
				ORGANIZATIONNAME = "Eiji Kawahira";
				TargetAttributes = {
					423D86781DE3FA8B00DDEBC0 = {
						CreatedOnToolsVersion = 8.1;
						DevelopmentTeam = RQ4V9494MP;
						ProvisioningStyle = Automatic;
					};
					423D868C1DE3FA8B00DDEBC0 = {
						CreatedOnToolsVersion = 8.1;
						DevelopmentTeam = RQ4V9494MP;
						ProvisioningStyle = Automatic;
						TestTargetID = 423D86781DE3FA8B00DDEBC0;
					};
					423D86971DE3FA8B00DDEBC0 = {
						CreatedOnToolsVersion = 8.1;
						DevelopmentTeam = RQ4V9494MP;
						ProvisioningStyle = Automatic;
						TestTargetID = 423D86781DE3FA8B00DDEBC0;
					};
				};
			};
			buildConfigurationList = 423D86741DE3FA8A00DDEBC0 /* Build configuration list for PBXProject "Rangout for Vendor" */;
			compatibilityVersion = "Xcode 3.2";
			developmentRegion = English;
			hasScannedForEncodings = 0;
			knownRegions = (
				en,
				Base,
			);
			mainGroup = 423D86701DE3FA8A00DDEBC0;
			productRefGroup = 423D867A1DE3FA8B00DDEBC0 /* Products */;
			projectDirPath = "";
			projectRoot = "";
			targets = (
				423D86781DE3FA8B00DDEBC0 /* Rangout for Vendor */,
				423D868C1DE3FA8B00DDEBC0 /* Rangout for VendorTests */,
				423D86971DE3FA8B00DDEBC0 /* Rangout for VendorUITests */,
			);
		};
/* End PBXProject section */

/* Begin PBXResourcesBuildPhase section */
		423D86771DE3FA8B00DDEBC0 /* Resources */ = {
			isa = PBXResourcesBuildPhase;
			buildActionMask = 2147483647;
			files = (
				423D86871DE3FA8B00DDEBC0 /* LaunchScreen.storyboard in Resources */,
				423D86BA1DE42FDA00DDEBC0 /* GoogleService-Info.plist in Resources */,
				422ED0761DE482E800028E86 /* Assets.xcassets in Resources */,
				423D86821DE3FA8B00DDEBC0 /* Main.storyboard in Resources */,
			);
			runOnlyForDeploymentPostprocessing = 0;
		};
		423D868B1DE3FA8B00DDEBC0 /* Resources */ = {
			isa = PBXResourcesBuildPhase;
			buildActionMask = 2147483647;
			files = (
			);
			runOnlyForDeploymentPostprocessing = 0;
		};
		423D86961DE3FA8B00DDEBC0 /* Resources */ = {
			isa = PBXResourcesBuildPhase;
			buildActionMask = 2147483647;
			files = (
			);
			runOnlyForDeploymentPostprocessing = 0;
		};
/* End PBXResourcesBuildPhase section */

/* Begin PBXShellScriptBuildPhase section */
		3BF76315E452BB9CF3A55C8C /* [CP] Check Pods Manifest.lock */ = {
			isa = PBXShellScriptBuildPhase;
			buildActionMask = 2147483647;
			files = (
			);
			inputPaths = (
			);
			name = "[CP] Check Pods Manifest.lock";
			outputPaths = (
			);
			runOnlyForDeploymentPostprocessing = 0;
			shellPath = /bin/sh;
			shellScript = "diff \"${PODS_ROOT}/../Podfile.lock\" \"${PODS_ROOT}/Manifest.lock\" > /dev/null\nif [ $? != 0 ] ; then\n    # print error to STDERR\n    echo \"error: The sandbox is not in sync with the Podfile.lock. Run 'pod install' or update your CocoaPods installation.\" >&2\n    exit 1\nfi\n";
			showEnvVarsInLog = 0;
		};
		3CF0921D299A0BDE50CFE6CE /* [CP] Copy Pods Resources */ = {
			isa = PBXShellScriptBuildPhase;
			buildActionMask = 2147483647;
			files = (
			);
			inputPaths = (
			);
			name = "[CP] Copy Pods Resources";
			outputPaths = (
			);
			runOnlyForDeploymentPostprocessing = 0;
			shellPath = /bin/sh;
			shellScript = "\"${SRCROOT}/Pods/Target Support Files/Pods-Rangout for VendorUITests/Pods-Rangout for VendorUITests-resources.sh\"\n";
			showEnvVarsInLog = 0;
		};
		59D6B07B7020C0045816CD8D /* [CP] Copy Pods Resources */ = {
			isa = PBXShellScriptBuildPhase;
			buildActionMask = 2147483647;
			files = (
			);
			inputPaths = (
			);
			name = "[CP] Copy Pods Resources";
			outputPaths = (
			);
			runOnlyForDeploymentPostprocessing = 0;
			shellPath = /bin/sh;
			shellScript = "\"${SRCROOT}/Pods/Target Support Files/Pods-Rangout for VendorTests/Pods-Rangout for VendorTests-resources.sh\"\n";
			showEnvVarsInLog = 0;
		};
		7927EB8D42E0476F329D8A95 /* [CP] Check Pods Manifest.lock */ = {
			isa = PBXShellScriptBuildPhase;
			buildActionMask = 2147483647;
			files = (
			);
			inputPaths = (
			);
			name = "[CP] Check Pods Manifest.lock";
			outputPaths = (
			);
			runOnlyForDeploymentPostprocessing = 0;
			shellPath = /bin/sh;
			shellScript = "diff \"${PODS_ROOT}/../Podfile.lock\" \"${PODS_ROOT}/Manifest.lock\" > /dev/null\nif [ $? != 0 ] ; then\n    # print error to STDERR\n    echo \"error: The sandbox is not in sync with the Podfile.lock. Run 'pod install' or update your CocoaPods installation.\" >&2\n    exit 1\nfi\n";
			showEnvVarsInLog = 0;
		};
		A93435CE43017EEDCDD4939A /* [CP] Check Pods Manifest.lock */ = {
			isa = PBXShellScriptBuildPhase;
			buildActionMask = 2147483647;
			files = (
			);
			inputPaths = (
			);
			name = "[CP] Check Pods Manifest.lock";
			outputPaths = (
			);
			runOnlyForDeploymentPostprocessing = 0;
			shellPath = /bin/sh;
			shellScript = "diff \"${PODS_ROOT}/../Podfile.lock\" \"${PODS_ROOT}/Manifest.lock\" > /dev/null\nif [ $? != 0 ] ; then\n    # print error to STDERR\n    echo \"error: The sandbox is not in sync with the Podfile.lock. Run 'pod install' or update your CocoaPods installation.\" >&2\n    exit 1\nfi\n";
			showEnvVarsInLog = 0;
		};
		B392F5261F8D8436EA7E6532 /* [CP] Embed Pods Frameworks */ = {
			isa = PBXShellScriptBuildPhase;
			buildActionMask = 2147483647;
			files = (
			);
			inputPaths = (
			);
			name = "[CP] Embed Pods Frameworks";
			outputPaths = (
			);
			runOnlyForDeploymentPostprocessing = 0;
			shellPath = /bin/sh;
			shellScript = "\"${SRCROOT}/Pods/Target Support Files/Pods-Rangout for VendorUITests/Pods-Rangout for VendorUITests-frameworks.sh\"\n";
			showEnvVarsInLog = 0;
		};
		CF3B8DB0C43BC42CEE4F88C8 /* [CP] Embed Pods Frameworks */ = {
			isa = PBXShellScriptBuildPhase;
			buildActionMask = 2147483647;
			files = (
			);
			inputPaths = (
			);
			name = "[CP] Embed Pods Frameworks";
			outputPaths = (
			);
			runOnlyForDeploymentPostprocessing = 0;
			shellPath = /bin/sh;
			shellScript = "\"${SRCROOT}/Pods/Target Support Files/Pods-Rangout for Vendor/Pods-Rangout for Vendor-frameworks.sh\"\n";
			showEnvVarsInLog = 0;
		};
		D6A5AFB3B1C9200562C4A97E /* [CP] Copy Pods Resources */ = {
			isa = PBXShellScriptBuildPhase;
			buildActionMask = 2147483647;
			files = (
			);
			inputPaths = (
			);
			name = "[CP] Copy Pods Resources";
			outputPaths = (
			);
			runOnlyForDeploymentPostprocessing = 0;
			shellPath = /bin/sh;
			shellScript = "\"${SRCROOT}/Pods/Target Support Files/Pods-Rangout for Vendor/Pods-Rangout for Vendor-resources.sh\"\n";
			showEnvVarsInLog = 0;
		};
		DC734C0C36452FE7E75AB0BF /* [CP] Embed Pods Frameworks */ = {
			isa = PBXShellScriptBuildPhase;
			buildActionMask = 2147483647;
			files = (
			);
			inputPaths = (
			);
			name = "[CP] Embed Pods Frameworks";
			outputPaths = (
			);
			runOnlyForDeploymentPostprocessing = 0;
			shellPath = /bin/sh;
			shellScript = "\"${SRCROOT}/Pods/Target Support Files/Pods-Rangout for VendorTests/Pods-Rangout for VendorTests-frameworks.sh\"\n";
			showEnvVarsInLog = 0;
		};
/* End PBXShellScriptBuildPhase section */

/* Begin PBXSourcesBuildPhase section */
		423D86751DE3FA8B00DDEBC0 /* Sources */ = {
			isa = PBXSourcesBuildPhase;
			buildActionMask = 2147483647;
			files = (
				423D867F1DE3FA8B00DDEBC0 /* ViewController.swift in Sources */,
				423D867D1DE3FA8B00DDEBC0 /* AppDelegate.swift in Sources */,
				422ED0711DE43A8E00028E86 /* AuthProvider.swift in Sources */,
				423D86B51DE406ED00DDEBC0 /* SignInVC.swift in Sources */,
			);
			runOnlyForDeploymentPostprocessing = 0;
		};
		423D86891DE3FA8B00DDEBC0 /* Sources */ = {
			isa = PBXSourcesBuildPhase;
			buildActionMask = 2147483647;
			files = (
				423D86921DE3FA8B00DDEBC0 /* Rangout_for_VendorTests.swift in Sources */,
			);
			runOnlyForDeploymentPostprocessing = 0;
		};
		423D86941DE3FA8B00DDEBC0 /* Sources */ = {
			isa = PBXSourcesBuildPhase;
			buildActionMask = 2147483647;
			files = (
				423D869D1DE3FA8B00DDEBC0 /* Rangout_for_VendorUITests.swift in Sources */,
			);
			runOnlyForDeploymentPostprocessing = 0;
		};
/* End PBXSourcesBuildPhase section */

/* Begin PBXTargetDependency section */
		423D868F1DE3FA8B00DDEBC0 /* PBXTargetDependency */ = {
			isa = PBXTargetDependency;
			target = 423D86781DE3FA8B00DDEBC0 /* Rangout for Vendor */;
			targetProxy = 423D868E1DE3FA8B00DDEBC0 /* PBXContainerItemProxy */;
		};
		423D869A1DE3FA8B00DDEBC0 /* PBXTargetDependency */ = {
			isa = PBXTargetDependency;
			target = 423D86781DE3FA8B00DDEBC0 /* Rangout for Vendor */;
			targetProxy = 423D86991DE3FA8B00DDEBC0 /* PBXContainerItemProxy */;
		};
/* End PBXTargetDependency section */

/* Begin PBXVariantGroup section */
		423D86801DE3FA8B00DDEBC0 /* Main.storyboard */ = {
			isa = PBXVariantGroup;
			children = (
				423D86811DE3FA8B00DDEBC0 /* Base */,
			);
			name = Main.storyboard;
			sourceTree = "<group>";
		};
		423D86851DE3FA8B00DDEBC0 /* LaunchScreen.storyboard */ = {
			isa = PBXVariantGroup;
			children = (
				423D86861DE3FA8B00DDEBC0 /* Base */,
			);
			name = LaunchScreen.storyboard;
			sourceTree = "<group>";
		};
/* End PBXVariantGroup section */

/* Begin XCBuildConfiguration section */
		423D869F1DE3FA8B00DDEBC0 /* Debug */ = {
			isa = XCBuildConfiguration;
			buildSettings = {
				ALWAYS_SEARCH_USER_PATHS = NO;
				CLANG_ANALYZER_NONNULL = YES;
				CLANG_CXX_LANGUAGE_STANDARD = "gnu++0x";
				CLANG_CXX_LIBRARY = "libc++";
				CLANG_ENABLE_MODULES = YES;
				CLANG_ENABLE_OBJC_ARC = YES;
				CLANG_WARN_BOOL_CONVERSION = YES;
				CLANG_WARN_CONSTANT_CONVERSION = YES;
				CLANG_WARN_DIRECT_OBJC_ISA_USAGE = YES_ERROR;
				CLANG_WARN_DOCUMENTATION_COMMENTS = YES;
				CLANG_WARN_EMPTY_BODY = YES;
				CLANG_WARN_ENUM_CONVERSION = YES;
				CLANG_WARN_INFINITE_RECURSION = YES;
				CLANG_WARN_INT_CONVERSION = YES;
				CLANG_WARN_OBJC_ROOT_CLASS = YES_ERROR;
				CLANG_WARN_SUSPICIOUS_MOVES = YES;
				CLANG_WARN_UNREACHABLE_CODE = YES;
				CLANG_WARN__DUPLICATE_METHOD_MATCH = YES;
				"CODE_SIGN_IDENTITY[sdk=iphoneos*]" = "iPhone Developer";
				COPY_PHASE_STRIP = NO;
				DEBUG_INFORMATION_FORMAT = dwarf;
				ENABLE_STRICT_OBJC_MSGSEND = YES;
				ENABLE_TESTABILITY = YES;
				GCC_C_LANGUAGE_STANDARD = gnu99;
				GCC_DYNAMIC_NO_PIC = NO;
				GCC_NO_COMMON_BLOCKS = YES;
				GCC_OPTIMIZATION_LEVEL = 0;
				GCC_PREPROCESSOR_DEFINITIONS = (
					"DEBUG=1",
					"$(inherited)",
				);
				GCC_WARN_64_TO_32_BIT_CONVERSION = YES;
				GCC_WARN_ABOUT_RETURN_TYPE = YES_ERROR;
				GCC_WARN_UNDECLARED_SELECTOR = YES;
				GCC_WARN_UNINITIALIZED_AUTOS = YES_AGGRESSIVE;
				GCC_WARN_UNUSED_FUNCTION = YES;
				GCC_WARN_UNUSED_VARIABLE = YES;
				IPHONEOS_DEPLOYMENT_TARGET = 10.1;
				MTL_ENABLE_DEBUG_INFO = YES;
				ONLY_ACTIVE_ARCH = YES;
				SDKROOT = iphoneos;
				SWIFT_ACTIVE_COMPILATION_CONDITIONS = DEBUG;
				SWIFT_OPTIMIZATION_LEVEL = "-Onone";
				TARGETED_DEVICE_FAMILY = "1,2";
			};
			name = Debug;
		};
		423D86A01DE3FA8B00DDEBC0 /* Release */ = {
			isa = XCBuildConfiguration;
			buildSettings = {
				ALWAYS_SEARCH_USER_PATHS = NO;
				CLANG_ANALYZER_NONNULL = YES;
				CLANG_CXX_LANGUAGE_STANDARD = "gnu++0x";
				CLANG_CXX_LIBRARY = "libc++";
				CLANG_ENABLE_MODULES = YES;
				CLANG_ENABLE_OBJC_ARC = YES;
				CLANG_WARN_BOOL_CONVERSION = YES;
				CLANG_WARN_CONSTANT_CONVERSION = YES;
				CLANG_WARN_DIRECT_OBJC_ISA_USAGE = YES_ERROR;
				CLANG_WARN_DOCUMENTATION_COMMENTS = YES;
				CLANG_WARN_EMPTY_BODY = YES;
				CLANG_WARN_ENUM_CONVERSION = YES;
				CLANG_WARN_INFINITE_RECURSION = YES;
				CLANG_WARN_INT_CONVERSION = YES;
				CLANG_WARN_OBJC_ROOT_CLASS = YES_ERROR;
				CLANG_WARN_SUSPICIOUS_MOVES = YES;
				CLANG_WARN_UNREACHABLE_CODE = YES;
				CLANG_WARN__DUPLICATE_METHOD_MATCH = YES;
				"CODE_SIGN_IDENTITY[sdk=iphoneos*]" = "iPhone Developer";
				COPY_PHASE_STRIP = NO;
				DEBUG_INFORMATION_FORMAT = "dwarf-with-dsym";
				ENABLE_NS_ASSERTIONS = NO;
				ENABLE_STRICT_OBJC_MSGSEND = YES;
				GCC_C_LANGUAGE_STANDARD = gnu99;
				GCC_NO_COMMON_BLOCKS = YES;
				GCC_WARN_64_TO_32_BIT_CONVERSION = YES;
				GCC_WARN_ABOUT_RETURN_TYPE = YES_ERROR;
				GCC_WARN_UNDECLARED_SELECTOR = YES;
				GCC_WARN_UNINITIALIZED_AUTOS = YES_AGGRESSIVE;
				GCC_WARN_UNUSED_FUNCTION = YES;
				GCC_WARN_UNUSED_VARIABLE = YES;
				IPHONEOS_DEPLOYMENT_TARGET = 10.1;
				MTL_ENABLE_DEBUG_INFO = NO;
				SDKROOT = iphoneos;
				SWIFT_OPTIMIZATION_LEVEL = "-Owholemodule";
				TARGETED_DEVICE_FAMILY = "1,2";
				VALIDATE_PRODUCT = YES;
			};
			name = Release;
		};
		423D86A21DE3FA8B00DDEBC0 /* Debug */ = {
			isa = XCBuildConfiguration;
			baseConfigurationReference = C851ED450A12BC0811A1F086 /* Pods-Rangout for Vendor.debug.xcconfig */;
			buildSettings = {
				ASSETCATALOG_COMPILER_APPICON_NAME = AppIcon;
				DEVELOPMENT_TEAM = RQ4V9494MP;
				INFOPLIST_FILE = "Rangout for Vendor/Info.plist";
				LD_RUNPATH_SEARCH_PATHS = "$(inherited) @executable_path/Frameworks";
				PRODUCT_BUNDLE_IDENTIFIER = "Kiwi-Saturn.Rangout-for-Vendor";
				PRODUCT_NAME = "$(TARGET_NAME)";
				SWIFT_VERSION = 3.0;
			};
			name = Debug;
		};
		423D86A31DE3FA8B00DDEBC0 /* Release */ = {
			isa = XCBuildConfiguration;
			baseConfigurationReference = BA75A213B5354B9577EAC47A /* Pods-Rangout for Vendor.release.xcconfig */;
			buildSettings = {
				ASSETCATALOG_COMPILER_APPICON_NAME = AppIcon;
				DEVELOPMENT_TEAM = RQ4V9494MP;
				INFOPLIST_FILE = "Rangout for Vendor/Info.plist";
				LD_RUNPATH_SEARCH_PATHS = "$(inherited) @executable_path/Frameworks";
				PRODUCT_BUNDLE_IDENTIFIER = "Kiwi-Saturn.Rangout-for-Vendor";
				PRODUCT_NAME = "$(TARGET_NAME)";
				SWIFT_VERSION = 3.0;
			};
			name = Release;
		};
		423D86A51DE3FA8B00DDEBC0 /* Debug */ = {
			isa = XCBuildConfiguration;
			baseConfigurationReference = E5256D6FE961D04FB4F947A9 /* Pods-Rangout for VendorTests.debug.xcconfig */;
			buildSettings = {
				ALWAYS_EMBED_SWIFT_STANDARD_LIBRARIES = YES;
				BUNDLE_LOADER = "$(TEST_HOST)";
				DEVELOPMENT_TEAM = RQ4V9494MP;
				INFOPLIST_FILE = "Rangout for VendorTests/Info.plist";
				LD_RUNPATH_SEARCH_PATHS = "$(inherited) @executable_path/Frameworks @loader_path/Frameworks";
				PRODUCT_BUNDLE_IDENTIFIER = "Kiwi-Saturn.Rangout-for-VendorTests";
				PRODUCT_NAME = "$(TARGET_NAME)";
				SWIFT_VERSION = 3.0;
				TEST_HOST = "$(BUILT_PRODUCTS_DIR)/Rangout for Vendor.app/Rangout for Vendor";
			};
			name = Debug;
		};
		423D86A61DE3FA8B00DDEBC0 /* Release */ = {
			isa = XCBuildConfiguration;
			baseConfigurationReference = 987FDFEFD5BC0AB5354B1238 /* Pods-Rangout for VendorTests.release.xcconfig */;
			buildSettings = {
				ALWAYS_EMBED_SWIFT_STANDARD_LIBRARIES = YES;
				BUNDLE_LOADER = "$(TEST_HOST)";
				DEVELOPMENT_TEAM = RQ4V9494MP;
				INFOPLIST_FILE = "Rangout for VendorTests/Info.plist";
				LD_RUNPATH_SEARCH_PATHS = "$(inherited) @executable_path/Frameworks @loader_path/Frameworks";
				PRODUCT_BUNDLE_IDENTIFIER = "Kiwi-Saturn.Rangout-for-VendorTests";
				PRODUCT_NAME = "$(TARGET_NAME)";
				SWIFT_VERSION = 3.0;
				TEST_HOST = "$(BUILT_PRODUCTS_DIR)/Rangout for Vendor.app/Rangout for Vendor";
			};
			name = Release;
		};
		423D86A81DE3FA8B00DDEBC0 /* Debug */ = {
			isa = XCBuildConfiguration;
			baseConfigurationReference = 9A5C10739FB39389DC52386F /* Pods-Rangout for VendorUITests.debug.xcconfig */;
			buildSettings = {
				ALWAYS_EMBED_SWIFT_STANDARD_LIBRARIES = YES;
				DEVELOPMENT_TEAM = RQ4V9494MP;
				INFOPLIST_FILE = "Rangout for VendorUITests/Info.plist";
				LD_RUNPATH_SEARCH_PATHS = "$(inherited) @executable_path/Frameworks @loader_path/Frameworks";
				PRODUCT_BUNDLE_IDENTIFIER = "Kiwi-Saturn.Rangout-for-VendorUITests";
				PRODUCT_NAME = "$(TARGET_NAME)";
				SWIFT_VERSION = 3.0;
				TEST_TARGET_NAME = "Rangout for Vendor";
			};
			name = Debug;
		};
		423D86A91DE3FA8B00DDEBC0 /* Release */ = {
			isa = XCBuildConfiguration;
			baseConfigurationReference = 1649A602CC46084F9002FBF8 /* Pods-Rangout for VendorUITests.release.xcconfig */;
			buildSettings = {
				ALWAYS_EMBED_SWIFT_STANDARD_LIBRARIES = YES;
				DEVELOPMENT_TEAM = RQ4V9494MP;
				INFOPLIST_FILE = "Rangout for VendorUITests/Info.plist";
				LD_RUNPATH_SEARCH_PATHS = "$(inherited) @executable_path/Frameworks @loader_path/Frameworks";
				PRODUCT_BUNDLE_IDENTIFIER = "Kiwi-Saturn.Rangout-for-VendorUITests";
				PRODUCT_NAME = "$(TARGET_NAME)";
				SWIFT_VERSION = 3.0;
				TEST_TARGET_NAME = "Rangout for Vendor";
			};
			name = Release;
		};
/* End XCBuildConfiguration section */

/* Begin XCConfigurationList section */
		423D86741DE3FA8A00DDEBC0 /* Build configuration list for PBXProject "Rangout for Vendor" */ = {
			isa = XCConfigurationList;
			buildConfigurations = (
				423D869F1DE3FA8B00DDEBC0 /* Debug */,
				423D86A01DE3FA8B00DDEBC0 /* Release */,
			);
			defaultConfigurationIsVisible = 0;
			defaultConfigurationName = Release;
		};
		423D86A11DE3FA8B00DDEBC0 /* Build configuration list for PBXNativeTarget "Rangout for Vendor" */ = {
			isa = XCConfigurationList;
			buildConfigurations = (
				423D86A21DE3FA8B00DDEBC0 /* Debug */,
				423D86A31DE3FA8B00DDEBC0 /* Release */,
			);
			defaultConfigurationIsVisible = 0;
			defaultConfigurationName = Release;
		};
		423D86A41DE3FA8B00DDEBC0 /* Build configuration list for PBXNativeTarget "Rangout for VendorTests" */ = {
			isa = XCConfigurationList;
			buildConfigurations = (
				423D86A51DE3FA8B00DDEBC0 /* Debug */,
				423D86A61DE3FA8B00DDEBC0 /* Release */,
			);
			defaultConfigurationIsVisible = 0;
			defaultConfigurationName = Release;
		};
		423D86A71DE3FA8B00DDEBC0 /* Build configuration list for PBXNativeTarget "Rangout for VendorUITests" */ = {
			isa = XCConfigurationList;
			buildConfigurations = (
				423D86A81DE3FA8B00DDEBC0 /* Debug */,
				423D86A91DE3FA8B00DDEBC0 /* Release */,
			);
			defaultConfigurationIsVisible = 0;
			defaultConfigurationName = Release;
		};
/* End XCConfigurationList section */
	};
	rootObject = 423D86711DE3FA8A00DDEBC0 /* Project object */;
}
